
Microsoft Visual Studio Solution File, Format Version 12.00
# Visual Studio Version 16
VisualStudioVersion = 16.0.31229.75
MinimumVisualStudioVersion = 10.0.40219.1
Project("{8BC9CEB8-8B4A-11D0-8D11-00A0C91BC942}") = "MurTree", "MurTree.vcxproj", "{2D4BED84-592C-487B-8FBA-59612DA97AFE}"
EndProject
Global
	GlobalSection(SolutionConfigurationPlatforms) = preSolution
		Debug|x64 = Debug|x64
		Debug|x86 = Debug|x86
		Release|x64 = Release|x64
		Release|x86 = Release|x86
	EndGlobalSection
	GlobalSection(ProjectConfigurationPlatforms) = postSolution
		{2D4BED84-592C-487B-8FBA-59612DA97AFE}.Debug|x64.ActiveCfg = Debug|x64
		{2D4BED84-592C-487B-8FBA-59612DA97AFE}.Debug|x64.Build.0 = Debug|x64
		{2D4BED84-592C-487B-8FBA-59612DA97AFE}.Debug|x86.ActiveCfg = Debug|Win32
		{2D4BED84-592C-487B-8FBA-59612DA97AFE}.Debug|x86.Build.0 = Debug|Win32
		{2D4BED84-592C-487B-8FBA-59612DA97AFE}.Release|x64.ActiveCfg = Release|x64
		{2D4BED84-592C-487B-8FBA-59612DA97AFE}.Release|x64.Build.0 = Release|x64
		{2D4BED84-592C-487B-8FBA-59612DA97AFE}.Release|x86.ActiveCfg = Release|Win32
		{2D4BED84-592C-487B-8FBA-59612DA97AFE}.Release|x86.Build.0 = Release|Win32
	EndGlobalSection
	GlobalSection(SolutionProperties) = preSolution
		HideSolutionNode = FALSE
	EndGlobalSection
	GlobalSection(ExtensibilityGlobals) = postSolution
		SolutionGuid = {6943C4E3-9B70-4854-8FF4-EE3D42CD33E1}
	EndGlobalSection
EndGlobal
